
Microsoft Visual Studio Solution File, Format Version 12.00
# Visual Studio Version 17
VisualStudioVersion = 17.3.32825.248
MinimumVisualStudioVersion = 10.0.40219.1
Project("{FAE04EC0-301F-11D3-BF4B-00C04F79EFBC}") = "ConsoleApp2", "ConsoleApp2\ConsoleApp2.csproj", "{87517EE6-1FA6-4499-A791-F2766442AC94}"
EndProject
Project("{FAE04EC0-301F-11D3-BF4B-00C04F79EFBC}") = "UnitTestProject1", "UnitTestProject1\UnitTestProject1.csproj", "{EFE56275-682B-4CF0-96F5-8D1F45CBDE94}"
EndProject
Global
	GlobalSection(SolutionConfigurationPlatforms) = preSolution
		Debug|Any CPU = Debug|Any CPU
		Release|Any CPU = Release|Any CPU
	EndGlobalSection
	GlobalSection(ProjectConfigurationPlatforms) = postSolution
		{87517EE6-1FA6-4499-A791-F2766442AC94}.Debug|Any CPU.ActiveCfg = Debug|Any CPU
		{87517EE6-1FA6-4499-A791-F2766442AC94}.Debug|Any CPU.Build.0 = Debug|Any CPU
		{87517EE6-1FA6-4499-A791-F2766442AC94}.Release|Any CPU.ActiveCfg = Release|Any CPU
		{87517EE6-1FA6-4499-A791-F2766442AC94}.Release|Any CPU.Build.0 = Release|Any CPU
		{EFE56275-682B-4CF0-96F5-8D1F45CBDE94}.Debug|Any CPU.ActiveCfg = Debug|Any CPU
		{EFE56275-682B-4CF0-96F5-8D1F45CBDE94}.Debug|Any CPU.Build.0 = Debug|Any CPU
		{EFE56275-682B-4CF0-96F5-8D1F45CBDE94}.Release|Any CPU.ActiveCfg = Release|Any CPU
		{EFE56275-682B-4CF0-96F5-8D1F45CBDE94}.Release|Any CPU.Build.0 = Release|Any CPU
	EndGlobalSection
	GlobalSection(SolutionProperties) = preSolution
		HideSolutionNode = FALSE
	EndGlobalSection
	GlobalSection(ExtensibilityGlobals) = postSolution
		SolutionGuid = {B5E2414A-B70E-4560-BF6B-94BFA66F6163}
	EndGlobalSection
EndGlobal
